{
  "nodes": {
    "my-epitech-relay-git": {
      "flake": false,
      "locked": {
        "lastModified": 1642779761,
        "narHash": "sha256-i/cNhXMcoi3an8NTTGTJ1yUCmnrD/1XYqJ8HpciQeWE=",
        "owner": "norech",
        "repo": "my-epitech-relay",
        "rev": "c292fde6b2ba9390460de0b81537bca176d50a41",
        "type": "github"
      },
      "original": {
        "owner": "norech",
        "ref": "master",
        "repo": "my-epitech-relay",
        "type": "github"
      }
    },
    "nixpkgs": {
      "locked": {
        "lastModified": 1690927903,
        "narHash": "sha256-D5gCaCROnjEKDOel//8TO/pOP87pAEtT0uT8X+0Bj/U=",
        "owner": "NixOS",
        "repo": "nixpkgs",
        "rev": "bd836ac5e5a7358dea73cb74a013ca32864ccb86",
        "type": "github"
      },
      "original": {
        "id": "nixpkgs",
        "ref": "nixos-23.05",
        "type": "indirect"
      }
    },
    "root": {
      "inputs": {
        "my-epitech-relay-git": "my-epitech-relay-git",
        "nixpkgs": "nixpkgs"
      }
    }
  },
  "root": "root",
  "version": 7
}
